// !$*UTF8*$!
{
	archiveVersion = 1;
	classes = {
	};
	objectVersion = 50;
	objects = {

/* Begin PBXBuildFile section */
		BEB6CA952273FB270036D8CF /* main.cpp in Sources */ = {isa = PBXBuildFile; fileRef = BEB6CA942273FB270036D8CF /* main.cpp */; };
		BEB6CA9D2273FB5A0036D8CF /* disasm.cpp in Sources */ = {isa = PBXBuildFile; fileRef = BEB6CA9B2273FB5A0036D8CF /* disasm.cpp */; };
		BEB6CA9E2273FB5A0036D8CF /* engine.cpp in Sources */ = {isa = PBXBuildFile; fileRef = BEB6CA9C2273FB5A0036D8CF /* engine.cpp */; };
		BEB6CAA6227404F00036D8CF /* sim.hpp in Headers */ = {isa = PBXBuildFile; fileRef = BEB6CAA5227404F00036D8CF /* sim.hpp */; };
		BEB6CAA8227404F00036D8CF /* simPriv.hpp in Headers */ = {isa = PBXBuildFile; fileRef = BEB6CAA7227404F00036D8CF /* simPriv.hpp */; };
		BEB6CAAA227404F00036D8CF /* sim.cpp in Sources */ = {isa = PBXBuildFile; fileRef = BEB6CAA9227404F00036D8CF /* sim.cpp */; };
/* End PBXBuildFile section */

/* Begin PBXCopyFilesBuildPhase section */
		BEB6CA8F2273FB270036D8CF /* CopyFiles */ = {
			isa = PBXCopyFilesBuildPhase;
			buildActionMask = 2147483647;
			dstPath = /usr/share/man/man1/;
			dstSubfolderSpec = 0;
			files = (
			);
			runOnlyForDeploymentPostprocessing = 1;
		};
/* End PBXCopyFilesBuildPhase section */

/* Begin PBXFileReference section */
		BEB6CA912273FB270036D8CF /* model50 */ = {isa = PBXFileReference; explicitFileType = "compiled.mach-o.executable"; includeInIndex = 0; path = model50; sourceTree = BUILT_PRODUCTS_DIR; };
		BEB6CA942273FB270036D8CF /* main.cpp */ = {isa = PBXFileReference; lastKnownFileType = sourcecode.cpp.cpp; path = main.cpp; sourceTree = "<group>"; };
		BEB6CA9B2273FB5A0036D8CF /* disasm.cpp */ = {isa = PBXFileReference; fileEncoding = 4; lastKnownFileType = sourcecode.cpp.cpp; path = disasm.cpp; sourceTree = "<group>"; };
		BEB6CA9C2273FB5A0036D8CF /* engine.cpp */ = {isa = PBXFileReference; fileEncoding = 4; lastKnownFileType = sourcecode.cpp.cpp; path = engine.cpp; sourceTree = "<group>"; };
		BEB6CAA3227404F00036D8CF /* libsim.dylib */ = {isa = PBXFileReference; explicitFileType = "compiled.mach-o.dylib"; includeInIndex = 0; path = libsim.dylib; sourceTree = BUILT_PRODUCTS_DIR; };
		BEB6CAA5227404F00036D8CF /* sim.hpp */ = {isa = PBXFileReference; lastKnownFileType = sourcecode.cpp.h; path = sim.hpp; sourceTree = "<group>"; };
		BEB6CAA7227404F00036D8CF /* simPriv.hpp */ = {isa = PBXFileReference; lastKnownFileType = sourcecode.cpp.h; path = simPriv.hpp; sourceTree = "<group>"; };
		BEB6CAA9227404F00036D8CF /* sim.cpp */ = {isa = PBXFileReference; lastKnownFileType = sourcecode.cpp.cpp; path = sim.cpp; sourceTree = "<group>"; };
/* End PBXFileReference section */

/* Begin PBXFrameworksBuildPhase section */
		BEB6CA8E2273FB270036D8CF /* Frameworks */ = {
			isa = PBXFrameworksBuildPhase;
			buildActionMask = 2147483647;
			files = (
			);
			runOnlyForDeploymentPostprocessing = 0;
		};
		BEB6CAA1227404F00036D8CF /* Frameworks */ = {
			isa = PBXFrameworksBuildPhase;
			buildActionMask = 2147483647;
			files = (
			);
			runOnlyForDeploymentPostprocessing = 0;
		};
/* End PBXFrameworksBuildPhase section */

/* Begin PBXGroup section */
		BEB6CA882273FB270036D8CF = {
			isa = PBXGroup;
			children = (
				BEB6CA932273FB270036D8CF /* model50 */,
				BEB6CAA4227404F00036D8CF /* sim */,
				BEB6CA922273FB270036D8CF /* Products */,
			);
			sourceTree = "<group>";
		};
		BEB6CA922273FB270036D8CF /* Products */ = {
			isa = PBXGroup;
			children = (
				BEB6CA912273FB270036D8CF /* model50 */,
				BEB6CAA3227404F00036D8CF /* libsim.dylib */,
			);
			name = Products;
			sourceTree = "<group>";
		};
		BEB6CA932273FB270036D8CF /* model50 */ = {
			isa = PBXGroup;
			children = (
				BEB6CA9C2273FB5A0036D8CF /* engine.cpp */,
				BEB6CA9B2273FB5A0036D8CF /* disasm.cpp */,
				BEB6CA942273FB270036D8CF /* main.cpp */,
			);
			path = model50;
			sourceTree = "<group>";
		};
		BEB6CAA4227404F00036D8CF /* sim */ = {
			isa = PBXGroup;
			children = (
				BEB6CAA5227404F00036D8CF /* sim.hpp */,
				BEB6CAA7227404F00036D8CF /* simPriv.hpp */,
				BEB6CAA9227404F00036D8CF /* sim.cpp */,
			);
			path = sim;
			sourceTree = "<group>";
		};
/* End PBXGroup section */

/* Begin PBXHeadersBuildPhase section */
		BEB6CA9F227404F00036D8CF /* Headers */ = {
			isa = PBXHeadersBuildPhase;
			buildActionMask = 2147483647;
			files = (
				BEB6CAA6227404F00036D8CF /* sim.hpp in Headers */,
				BEB6CAA8227404F00036D8CF /* simPriv.hpp in Headers */,
			);
			runOnlyForDeploymentPostprocessing = 0;
		};
/* End PBXHeadersBuildPhase section */

/* Begin PBXNativeTarget section */
		BEB6CA902273FB270036D8CF /* model50 */ = {
			isa = PBXNativeTarget;
			buildConfigurationList = BEB6CA982273FB270036D8CF /* Build configuration list for PBXNativeTarget "model50" */;
			buildPhases = (
				BEB6CA8D2273FB270036D8CF /* Sources */,
				BEB6CA8E2273FB270036D8CF /* Frameworks */,
				BEB6CA8F2273FB270036D8CF /* CopyFiles */,
			);
			buildRules = (
			);
			dependencies = (
			);
			name = model50;
			productName = model50;
			productReference = BEB6CA912273FB270036D8CF /* model50 */;
			productType = "com.apple.product-type.tool";
		};
		BEB6CAA2227404F00036D8CF /* sim */ = {
			isa = PBXNativeTarget;
			buildConfigurationList = BEB6CAAB227404F00036D8CF /* Build configuration list for PBXNativeTarget "sim" */;
			buildPhases = (
				BEB6CA9F227404F00036D8CF /* Headers */,
				BEB6CAA0227404F00036D8CF /* Sources */,
				BEB6CAA1227404F00036D8CF /* Frameworks */,
			);
			buildRules = (
			);
			dependencies = (
			);
			name = sim;
			productName = sim;
			productReference = BEB6CAA3227404F00036D8CF /* libsim.dylib */;
			productType = "com.apple.product-type.library.dynamic";
		};
/* End PBXNativeTarget section */

/* Begin PBXProject section */
		BEB6CA892273FB270036D8CF /* Project object */ = {
			isa = PBXProject;
			attributes = {
				LastUpgradeCheck = 1020;
				ORGANIZATIONNAME = Ken;
				TargetAttributes = {
					BEB6CA902273FB270036D8CF = {
						CreatedOnToolsVersion = 10.2.1;
					};
					BEB6CAA2227404F00036D8CF = {
						CreatedOnToolsVersion = 10.2.1;
					};
				};
			};
			buildConfigurationList = BEB6CA8C2273FB270036D8CF /* Build configuration list for PBXProject "model50" */;
			compatibilityVersion = "Xcode 9.3";
			developmentRegion = en;
			hasScannedForEncodings = 0;
			knownRegions = (
				en,
			);
			mainGroup = BEB6CA882273FB270036D8CF;
			productRefGroup = BEB6CA922273FB270036D8CF /* Products */;
			projectDirPath = "";
			projectRoot = "";
			targets = (
				BEB6CA902273FB270036D8CF /* model50 */,
				BEB6CAA2227404F00036D8CF /* sim */,
			);
		};
/* End PBXProject section */

/* Begin PBXSourcesBuildPhase section */
		BEB6CA8D2273FB270036D8CF /* Sources */ = {
			isa = PBXSourcesBuildPhase;
			buildActionMask = 2147483647;
			files = (
				BEB6CA9D2273FB5A0036D8CF /* disasm.cpp in Sources */,
				BEB6CA9E2273FB5A0036D8CF /* engine.cpp in Sources */,
				BEB6CA952273FB270036D8CF /* main.cpp in Sources */,
			);
			runOnlyForDeploymentPostprocessing = 0;
		};
		BEB6CAA0227404F00036D8CF /* Sources */ = {
			isa = PBXSourcesBuildPhase;
			buildActionMask = 2147483647;
			files = (
				BEB6CAAA227404F00036D8CF /* sim.cpp in Sources */,
			);
			runOnlyForDeploymentPostprocessing = 0;
		};
/* End PBXSourcesBuildPhase section */

/* Begin XCBuildConfiguration section */
		BEB6CA962273FB270036D8CF /* Debug */ = {
			isa = XCBuildConfiguration;
			buildSettings = {
				ALWAYS_SEARCH_USER_PATHS = NO;
				CLANG_ANALYZER_NONNULL = YES;
				CLANG_ANALYZER_NUMBER_OBJECT_CONVERSION = YES_AGGRESSIVE;
				CLANG_CXX_LANGUAGE_STANDARD = "gnu++14";
				CLANG_CXX_LIBRARY = "libc++";
				CLANG_ENABLE_MODULES = YES;
				CLANG_ENABLE_OBJC_ARC = YES;
				CLANG_ENABLE_OBJC_WEAK = YES;
				CLANG_WARN_BLOCK_CAPTURE_AUTORELEASING = YES;
				CLANG_WARN_BOOL_CONVERSION = YES;
				CLANG_WARN_COMMA = YES;
				CLANG_WARN_CONSTANT_CONVERSION = YES;
				CLANG_WARN_DEPRECATED_OBJC_IMPLEMENTATIONS = YES;
				CLANG_WARN_DIRECT_OBJC_ISA_USAGE = YES_ERROR;
				CLANG_WARN_DOCUMENTATION_COMMENTS = YES;
				CLANG_WARN_EMPTY_BODY = YES;
				CLANG_WARN_ENUM_CONVERSION = YES;
				CLANG_WARN_INFINITE_RECURSION = YES;
				CLANG_WARN_INT_CONVERSION = YES;
				CLANG_WARN_NON_LITERAL_NULL_CONVERSION = YES;
				CLANG_WARN_OBJC_IMPLICIT_RETAIN_SELF = YES;
				CLANG_WARN_OBJC_LITERAL_CONVERSION = YES;
				CLANG_WARN_OBJC_ROOT_CLASS = YES_ERROR;
				CLANG_WARN_RANGE_LOOP_ANALYSIS = YES;
				CLANG_WARN_STRICT_PROTOTYPES = YES;
				CLANG_WARN_SUSPICIOUS_MOVE = YES;
				CLANG_WARN_UNGUARDED_AVAILABILITY = YES_AGGRESSIVE;
				CLANG_WARN_UNREACHABLE_CODE = YES;
				CLANG_WARN__DUPLICATE_METHOD_MATCH = YES;
				CODE_SIGN_IDENTITY = "-";
				COPY_PHASE_STRIP = NO;
				DEBUG_INFORMATION_FORMAT = dwarf;
				ENABLE_STRICT_OBJC_MSGSEND = YES;
				ENABLE_TESTABILITY = YES;
				GCC_C_LANGUAGE_STANDARD = gnu11;
				GCC_DYNAMIC_NO_PIC = NO;
				GCC_NO_COMMON_BLOCKS = YES;
				GCC_OPTIMIZATION_LEVEL = 0;
				GCC_PREPROCESSOR_DEFINITIONS = (
					"DEBUG=1",
					"$(inherited)",
				);
				GCC_WARN_64_TO_32_BIT_CONVERSION = YES;
				GCC_WARN_ABOUT_RETURN_TYPE = YES_ERROR;
				GCC_WARN_UNDECLARED_SELECTOR = YES;
				GCC_WARN_UNINITIALIZED_AUTOS = YES_AGGRESSIVE;
				GCC_WARN_UNUSED_FUNCTION = YES;
				GCC_WARN_UNUSED_VARIABLE = YES;
				MACOSX_DEPLOYMENT_TARGET = 10.14;
				MTL_ENABLE_DEBUG_INFO = INCLUDE_SOURCE;
				MTL_FAST_MATH = YES;
				ONLY_ACTIVE_ARCH = YES;
				SDKROOT = macosx;
			};
			name = Debug;
		};
		BEB6CA972273FB270036D8CF /* Release */ = {
			isa = XCBuildConfiguration;
			buildSettings = {
				ALWAYS_SEARCH_USER_PATHS = NO;
				CLANG_ANALYZER_NONNULL = YES;
				CLANG_ANALYZER_NUMBER_OBJECT_CONVERSION = YES_AGGRESSIVE;
				CLANG_CXX_LANGUAGE_STANDARD = "gnu++14";
				CLANG_CXX_LIBRARY = "libc++";
				CLANG_ENABLE_MODULES = YES;
				CLANG_ENABLE_OBJC_ARC = YES;
				CLANG_ENABLE_OBJC_WEAK = YES;
				CLANG_WARN_BLOCK_CAPTURE_AUTORELEASING = YES;
				CLANG_WARN_BOOL_CONVERSION = YES;
				CLANG_WARN_COMMA = YES;
				CLANG_WARN_CONSTANT_CONVERSION = YES;
				CLANG_WARN_DEPRECATED_OBJC_IMPLEMENTATIONS = YES;
				CLANG_WARN_DIRECT_OBJC_ISA_USAGE = YES_ERROR;
				CLANG_WARN_DOCUMENTATION_COMMENTS = YES;
				CLANG_WARN_EMPTY_BODY = YES;
				CLANG_WARN_ENUM_CONVERSION = YES;
				CLANG_WARN_INFINITE_RECURSION = YES;
				CLANG_WARN_INT_CONVERSION = YES;
				CLANG_WARN_NON_LITERAL_NULL_CONVERSION = YES;
				CLANG_WARN_OBJC_IMPLICIT_RETAIN_SELF = YES;
				CLANG_WARN_OBJC_LITERAL_CONVERSION = YES;
				CLANG_WARN_OBJC_ROOT_CLASS = YES_ERROR;
				CLANG_WARN_RANGE_LOOP_ANALYSIS = YES;
				CLANG_WARN_STRICT_PROTOTYPES = YES;
				CLANG_WARN_SUSPICIOUS_MOVE = YES;
				CLANG_WARN_UNGUARDED_AVAILABILITY = YES_AGGRESSIVE;
				CLANG_WARN_UNREACHABLE_CODE = YES;
				CLANG_WARN__DUPLICATE_METHOD_MATCH = YES;
				CODE_SIGN_IDENTITY = "-";
				COPY_PHASE_STRIP = NO;
				DEBUG_INFORMATION_FORMAT = "dwarf-with-dsym";
				ENABLE_NS_ASSERTIONS = NO;
				ENABLE_STRICT_OBJC_MSGSEND = YES;
				GCC_C_LANGUAGE_STANDARD = gnu11;
				GCC_NO_COMMON_BLOCKS = YES;
				GCC_WARN_64_TO_32_BIT_CONVERSION = YES;
				GCC_WARN_ABOUT_RETURN_TYPE = YES_ERROR;
				GCC_WARN_UNDECLARED_SELECTOR = YES;
				GCC_WARN_UNINITIALIZED_AUTOS = YES_AGGRESSIVE;
				GCC_WARN_UNUSED_FUNCTION = YES;
				GCC_WARN_UNUSED_VARIABLE = YES;
				MACOSX_DEPLOYMENT_TARGET = 10.14;
				MTL_ENABLE_DEBUG_INFO = NO;
				MTL_FAST_MATH = YES;
				SDKROOT = macosx;
			};
			name = Release;
		};
		BEB6CA992273FB270036D8CF /* Debug */ = {
			isa = XCBuildConfiguration;
			buildSettings = {
				CODE_SIGN_STYLE = Automatic;
				PRODUCT_NAME = "$(TARGET_NAME)";
			};
			name = Debug;
		};
		BEB6CA9A2273FB270036D8CF /* Release */ = {
			isa = XCBuildConfiguration;
			buildSettings = {
				CODE_SIGN_STYLE = Automatic;
				PRODUCT_NAME = "$(TARGET_NAME)";
			};
			name = Release;
		};
		BEB6CAAC227404F00036D8CF /* Debug */ = {
			isa = XCBuildConfiguration;
			buildSettings = {
				CODE_SIGN_STYLE = Automatic;
				DYLIB_COMPATIBILITY_VERSION = 1;
				DYLIB_CURRENT_VERSION = 1;
				EXECUTABLE_PREFIX = lib;
				GCC_ENABLE_CPP_EXCEPTIONS = YES;
				GCC_ENABLE_CPP_RTTI = YES;
				GCC_SYMBOLS_PRIVATE_EXTERN = YES;
				PRODUCT_NAME = "$(TARGET_NAME)";
				SKIP_INSTALL = YES;
			};
			name = Debug;
		};
		BEB6CAAD227404F00036D8CF /* Release */ = {
			isa = XCBuildConfiguration;
			buildSettings = {
				CODE_SIGN_STYLE = Automatic;
				DYLIB_COMPATIBILITY_VERSION = 1;
				DYLIB_CURRENT_VERSION = 1;
				EXECUTABLE_PREFIX = lib;
				GCC_ENABLE_CPP_EXCEPTIONS = YES;
				GCC_ENABLE_CPP_RTTI = YES;
				GCC_SYMBOLS_PRIVATE_EXTERN = YES;
				PRODUCT_NAME = "$(TARGET_NAME)";
				SKIP_INSTALL = YES;
			};
			name = Release;
		};
/* End XCBuildConfiguration section */

/* Begin XCConfigurationList section */
		BEB6CA8C2273FB270036D8CF /* Build configuration list for PBXProject "model50" */ = {
			isa = XCConfigurationList;
			buildConfigurations = (
				BEB6CA962273FB270036D8CF /* Debug */,
				BEB6CA972273FB270036D8CF /* Release */,
			);
			defaultConfigurationIsVisible = 0;
			defaultConfigurationName = Release;
		};
		BEB6CA982273FB270036D8CF /* Build configuration list for PBXNativeTarget "model50" */ = {
			isa = XCConfigurationList;
			buildConfigurations = (
				BEB6CA992273FB270036D8CF /* Debug */,
				BEB6CA9A2273FB270036D8CF /* Release */,
			);
			defaultConfigurationIsVisible = 0;
			defaultConfigurationName = Release;
		};
		BEB6CAAB227404F00036D8CF /* Build configuration list for PBXNativeTarget "sim" */ = {
			isa = XCConfigurationList;
			buildConfigurations = (
				BEB6CAAC227404F00036D8CF /* Debug */,
				BEB6CAAD227404F00036D8CF /* Release */,
			);
			defaultConfigurationIsVisible = 0;
			defaultConfigurationName = Release;
		};
/* End XCConfigurationList section */
	};
	rootObject = BEB6CA892273FB270036D8CF /* Project object */;
}
